
Microsoft Visual Studio Solution File, Format Version 12.00
# Visual Studio 15
VisualStudioVersion = 15.0.28010.2036
MinimumVisualStudioVersion = 10.0.40219.1
Project("{FAE04EC0-301F-11D3-BF4B-00C04F79EFBC}") = "Analysis19", "Analysis19\Analysis19.csproj", "{73916C3E-2006-44AF-837C-066132DEB5A9}"
EndProject
Global
	GlobalSection(SolutionConfigurationPlatforms) = preSolution
		Debug|Any CPU = Debug|Any CPU
		Release|Any CPU = Release|Any CPU
	EndGlobalSection
	GlobalSection(ProjectConfigurationPlatforms) = postSolution
		{73916C3E-2006-44AF-837C-066132DEB5A9}.Debug|Any CPU.ActiveCfg = Debug|Any CPU
		{73916C3E-2006-44AF-837C-066132DEB5A9}.Debug|Any CPU.Build.0 = Debug|Any CPU
		{73916C3E-2006-44AF-837C-066132DEB5A9}.Release|Any CPU.ActiveCfg = Release|Any CPU
		{73916C3E-2006-44AF-837C-066132DEB5A9}.Release|Any CPU.Build.0 = Release|Any CPU
	EndGlobalSection
	GlobalSection(SolutionProperties) = preSolution
		HideSolutionNode = FALSE
	EndGlobalSection
	GlobalSection(ExtensibilityGlobals) = postSolution
		SolutionGuid = {B2B2031B-8DCF-4DF4-8CD3-40584015E204}
	EndGlobalSection
EndGlobal
